
Microsoft Visual Studio Solution File, Format Version 12.00
# Visual Studio Version 17
VisualStudioVersion = 17.6.33801.468
MinimumVisualStudioVersion = 10.0.40219.1
Project("{FAE04EC0-301F-11D3-BF4B-00C04F79EFBC}") = "PMS-API", "PMS-API\PMS-API.csproj", "{A2CCCFF5-E6BD-421A-8157-DFE09F2B4707}"
EndProject
Global
	GlobalSection(SolutionConfigurationPlatforms) = preSolution
		Debug|Any CPU = Debug|Any CPU
		Release|Any CPU = Release|Any CPU
	EndGlobalSection
	GlobalSection(ProjectConfigurationPlatforms) = postSolution
		{A2CCCFF5-E6BD-421A-8157-DFE09F2B4707}.Debug|Any CPU.ActiveCfg = Debug|Any CPU
		{A2CCCFF5-E6BD-421A-8157-DFE09F2B4707}.Debug|Any CPU.Build.0 = Debug|Any CPU
		{A2CCCFF5-E6BD-421A-8157-DFE09F2B4707}.Release|Any CPU.ActiveCfg = Release|Any CPU
		{A2CCCFF5-E6BD-421A-8157-DFE09F2B4707}.Release|Any CPU.Build.0 = Release|Any CPU
	EndGlobalSection
	GlobalSection(SolutionProperties) = preSolution
		HideSolutionNode = FALSE
	EndGlobalSection
	GlobalSection(ExtensibilityGlobals) = postSolution
		SolutionGuid = {F791104E-DF6F-46EA-AC55-7FED7024E899}
	EndGlobalSection
EndGlobal
